
Microsoft Visual Studio Solution File, Format Version 12.00
# Visual Studio Version 17
VisualStudioVersion = 17.0.31903.59
MinimumVisualStudioVersion = 10.0.40219.1
Project("{FAE04EC0-301F-11D3-BF4B-00C04F79EFBC}") = "5_3_task", "5_3_task\5_3_task.csproj", "{59DC54D5-72A7-4FE6-AB6E-A43C3E7B30BD}"
EndProject
Project("{FAE04EC0-301F-11D3-BF4B-00C04F79EFBC}") = "5_4_task", "5_4_task\5_4_task.csproj", "{A8151122-A0A9-4BC9-96BD-6FB9A4F3CEBA}"
EndProject
Project("{FAE04EC0-301F-11D3-BF4B-00C04F79EFBC}") = "ConsoleApp1", "ConsoleApp1\ConsoleApp1.csproj", "{1B850A70-B357-4176-B2FD-6A4EB286C80B}"
EndProject
Project("{FAE04EC0-301F-11D3-BF4B-00C04F79EFBC}") = "7_task", "7_task\7_task.csproj", "{69796C6D-0AD7-4023-BBA9-0735F3573E45}"
EndProject
Project("{FAE04EC0-301F-11D3-BF4B-00C04F79EFBC}") = "7_task_6", "7_task_6\7_task_6.csproj", "{4BA8A308-9368-4FF1-96B9-C3C11649AF91}"
EndProject
Project("{FAE04EC0-301F-11D3-BF4B-00C04F79EFBC}") = "8_task", "8_task\8_task.csproj", "{C7E1206C-FE17-4B62-934B-DE3ACE34B124}"
EndProject
Project("{FAE04EC0-301F-11D3-BF4B-00C04F79EFBC}") = "9_task", "9_task\9_task.csproj", "{D05AE27A-9154-4189-9169-51F1492410FC}"
EndProject
Project("{FAE04EC0-301F-11D3-BF4B-00C04F79EFBC}") = "14_task", "14_task\14_task.csproj", "{B0038BA9-22FC-4EC6-BC35-843FA34A835E}"
EndProject
Project("{FAE04EC0-301F-11D3-BF4B-00C04F79EFBC}") = "14_2_task", "14_2_task\14_2_task.csproj", "{8DED304F-8B35-463E-9D14-54A06FEF5536}"
EndProject
Project("{FAE04EC0-301F-11D3-BF4B-00C04F79EFBC}") = "15_1_task", "15_1_task\15_1_task.csproj", "{FB4A2F4D-A80F-4555-83FC-6A2C446984A5}"
EndProject
Project("{FAE04EC0-301F-11D3-BF4B-00C04F79EFBC}") = "15_2_task", "15_2_task\15_2_task.csproj", "{DADCDEC9-E13E-481F-A79E-B4DBE02A79FF}"
EndProject
Project("{FAE04EC0-301F-11D3-BF4B-00C04F79EFBC}") = "16_1_task", "16_1_task\16_1_task.csproj", "{6AC184A4-9D02-4E9D-AB73-9AFEB6E67BC5}"
EndProject
Project("{FAE04EC0-301F-11D3-BF4B-00C04F79EFBC}") = "16_2_task", "16_2_task\16_2_task.csproj", "{42AC6463-811D-4ECD-A9B9-697AC8CA28A8}"
EndProject
Project("{FAE04EC0-301F-11D3-BF4B-00C04F79EFBC}") = "17_task", "17_task\17_task.csproj", "{B40FDAE3-594B-4AC9-999E-90E96AE65D70}"
EndProject
Global
	GlobalSection(SolutionConfigurationPlatforms) = preSolution
		Debug|Any CPU = Debug|Any CPU
		Debug|x64 = Debug|x64
		Debug|x86 = Debug|x86
		Release|Any CPU = Release|Any CPU
		Release|x64 = Release|x64
		Release|x86 = Release|x86
	EndGlobalSection
	GlobalSection(ProjectConfigurationPlatforms) = postSolution
		{59DC54D5-72A7-4FE6-AB6E-A43C3E7B30BD}.Debug|Any CPU.ActiveCfg = Debug|Any CPU
		{59DC54D5-72A7-4FE6-AB6E-A43C3E7B30BD}.Debug|Any CPU.Build.0 = Debug|Any CPU
		{59DC54D5-72A7-4FE6-AB6E-A43C3E7B30BD}.Debug|x64.ActiveCfg = Debug|Any CPU
		{59DC54D5-72A7-4FE6-AB6E-A43C3E7B30BD}.Debug|x64.Build.0 = Debug|Any CPU
		{59DC54D5-72A7-4FE6-AB6E-A43C3E7B30BD}.Debug|x86.ActiveCfg = Debug|Any CPU
		{59DC54D5-72A7-4FE6-AB6E-A43C3E7B30BD}.Debug|x86.Build.0 = Debug|Any CPU
		{59DC54D5-72A7-4FE6-AB6E-A43C3E7B30BD}.Release|Any CPU.ActiveCfg = Release|Any CPU
		{59DC54D5-72A7-4FE6-AB6E-A43C3E7B30BD}.Release|Any CPU.Build.0 = Release|Any CPU
		{59DC54D5-72A7-4FE6-AB6E-A43C3E7B30BD}.Release|x64.ActiveCfg = Release|Any CPU
		{59DC54D5-72A7-4FE6-AB6E-A43C3E7B30BD}.Release|x64.Build.0 = Release|Any CPU
		{59DC54D5-72A7-4FE6-AB6E-A43C3E7B30BD}.Release|x86.ActiveCfg = Release|Any CPU
		{59DC54D5-72A7-4FE6-AB6E-A43C3E7B30BD}.Release|x86.Build.0 = Release|Any CPU
		{A8151122-A0A9-4BC9-96BD-6FB9A4F3CEBA}.Debug|Any CPU.ActiveCfg = Debug|Any CPU
		{A8151122-A0A9-4BC9-96BD-6FB9A4F3CEBA}.Debug|Any CPU.Build.0 = Debug|Any CPU
		{A8151122-A0A9-4BC9-96BD-6FB9A4F3CEBA}.Debug|x64.ActiveCfg = Debug|Any CPU
		{A8151122-A0A9-4BC9-96BD-6FB9A4F3CEBA}.Debug|x64.Build.0 = Debug|Any CPU
		{A8151122-A0A9-4BC9-96BD-6FB9A4F3CEBA}.Debug|x86.ActiveCfg = Debug|Any CPU
		{A8151122-A0A9-4BC9-96BD-6FB9A4F3CEBA}.Debug|x86.Build.0 = Debug|Any CPU
		{A8151122-A0A9-4BC9-96BD-6FB9A4F3CEBA}.Release|Any CPU.ActiveCfg = Release|Any CPU
		{A8151122-A0A9-4BC9-96BD-6FB9A4F3CEBA}.Release|Any CPU.Build.0 = Release|Any CPU
		{A8151122-A0A9-4BC9-96BD-6FB9A4F3CEBA}.Release|x64.ActiveCfg = Release|Any CPU
		{A8151122-A0A9-4BC9-96BD-6FB9A4F3CEBA}.Release|x64.Build.0 = Release|Any CPU
		{A8151122-A0A9-4BC9-96BD-6FB9A4F3CEBA}.Release|x86.ActiveCfg = Release|Any CPU
		{A8151122-A0A9-4BC9-96BD-6FB9A4F3CEBA}.Release|x86.Build.0 = Release|Any CPU
		{1B850A70-B357-4176-B2FD-6A4EB286C80B}.Debug|Any CPU.ActiveCfg = Debug|Any CPU
		{1B850A70-B357-4176-B2FD-6A4EB286C80B}.Debug|Any CPU.Build.0 = Debug|Any CPU
		{1B850A70-B357-4176-B2FD-6A4EB286C80B}.Debug|x64.ActiveCfg = Debug|Any CPU
		{1B850A70-B357-4176-B2FD-6A4EB286C80B}.Debug|x64.Build.0 = Debug|Any CPU
		{1B850A70-B357-4176-B2FD-6A4EB286C80B}.Debug|x86.ActiveCfg = Debug|Any CPU
		{1B850A70-B357-4176-B2FD-6A4EB286C80B}.Debug|x86.Build.0 = Debug|Any CPU
		{1B850A70-B357-4176-B2FD-6A4EB286C80B}.Release|Any CPU.ActiveCfg = Release|Any CPU
		{1B850A70-B357-4176-B2FD-6A4EB286C80B}.Release|Any CPU.Build.0 = Release|Any CPU
		{1B850A70-B357-4176-B2FD-6A4EB286C80B}.Release|x64.ActiveCfg = Release|Any CPU
		{1B850A70-B357-4176-B2FD-6A4EB286C80B}.Release|x64.Build.0 = Release|Any CPU
		{1B850A70-B357-4176-B2FD-6A4EB286C80B}.Release|x86.ActiveCfg = Release|Any CPU
		{1B850A70-B357-4176-B2FD-6A4EB286C80B}.Release|x86.Build.0 = Release|Any CPU
		{69796C6D-0AD7-4023-BBA9-0735F3573E45}.Debug|Any CPU.ActiveCfg = Debug|Any CPU
		{69796C6D-0AD7-4023-BBA9-0735F3573E45}.Debug|Any CPU.Build.0 = Debug|Any CPU
		{69796C6D-0AD7-4023-BBA9-0735F3573E45}.Debug|x64.ActiveCfg = Debug|Any CPU
		{69796C6D-0AD7-4023-BBA9-0735F3573E45}.Debug|x64.Build.0 = Debug|Any CPU
		{69796C6D-0AD7-4023-BBA9-0735F3573E45}.Debug|x86.ActiveCfg = Debug|Any CPU
		{69796C6D-0AD7-4023-BBA9-0735F3573E45}.Debug|x86.Build.0 = Debug|Any CPU
		{69796C6D-0AD7-4023-BBA9-0735F3573E45}.Release|Any CPU.ActiveCfg = Release|Any CPU
		{69796C6D-0AD7-4023-BBA9-0735F3573E45}.Release|Any CPU.Build.0 = Release|Any CPU
		{69796C6D-0AD7-4023-BBA9-0735F3573E45}.Release|x64.ActiveCfg = Release|Any CPU
		{69796C6D-0AD7-4023-BBA9-0735F3573E45}.Release|x64.Build.0 = Release|Any CPU
		{69796C6D-0AD7-4023-BBA9-0735F3573E45}.Release|x86.ActiveCfg = Release|Any CPU
		{69796C6D-0AD7-4023-BBA9-0735F3573E45}.Release|x86.Build.0 = Release|Any CPU
		{4BA8A308-9368-4FF1-96B9-C3C11649AF91}.Debug|Any CPU.ActiveCfg = Debug|Any CPU
		{4BA8A308-9368-4FF1-96B9-C3C11649AF91}.Debug|Any CPU.Build.0 = Debug|Any CPU
		{4BA8A308-9368-4FF1-96B9-C3C11649AF91}.Debug|x64.ActiveCfg = Debug|Any CPU
		{4BA8A308-9368-4FF1-96B9-C3C11649AF91}.Debug|x64.Build.0 = Debug|Any CPU
		{4BA8A308-9368-4FF1-96B9-C3C11649AF91}.Debug|x86.ActiveCfg = Debug|Any CPU
		{4BA8A308-9368-4FF1-96B9-C3C11649AF91}.Debug|x86.Build.0 = Debug|Any CPU
		{4BA8A308-9368-4FF1-96B9-C3C11649AF91}.Release|Any CPU.ActiveCfg = Release|Any CPU
		{4BA8A308-9368-4FF1-96B9-C3C11649AF91}.Release|Any CPU.Build.0 = Release|Any CPU
		{4BA8A308-9368-4FF1-96B9-C3C11649AF91}.Release|x64.ActiveCfg = Release|Any CPU
		{4BA8A308-9368-4FF1-96B9-C3C11649AF91}.Release|x64.Build.0 = Release|Any CPU
		{4BA8A308-9368-4FF1-96B9-C3C11649AF91}.Release|x86.ActiveCfg = Release|Any CPU
		{4BA8A308-9368-4FF1-96B9-C3C11649AF91}.Release|x86.Build.0 = Release|Any CPU
		{C7E1206C-FE17-4B62-934B-DE3ACE34B124}.Debug|Any CPU.ActiveCfg = Debug|Any CPU
		{C7E1206C-FE17-4B62-934B-DE3ACE34B124}.Debug|Any CPU.Build.0 = Debug|Any CPU
		{C7E1206C-FE17-4B62-934B-DE3ACE34B124}.Debug|x64.ActiveCfg = Debug|Any CPU
		{C7E1206C-FE17-4B62-934B-DE3ACE34B124}.Debug|x64.Build.0 = Debug|Any CPU
		{C7E1206C-FE17-4B62-934B-DE3ACE34B124}.Debug|x86.ActiveCfg = Debug|Any CPU
		{C7E1206C-FE17-4B62-934B-DE3ACE34B124}.Debug|x86.Build.0 = Debug|Any CPU
		{C7E1206C-FE17-4B62-934B-DE3ACE34B124}.Release|Any CPU.ActiveCfg = Release|Any CPU
		{C7E1206C-FE17-4B62-934B-DE3ACE34B124}.Release|Any CPU.Build.0 = Release|Any CPU
		{C7E1206C-FE17-4B62-934B-DE3ACE34B124}.Release|x64.ActiveCfg = Release|Any CPU
		{C7E1206C-FE17-4B62-934B-DE3ACE34B124}.Release|x64.Build.0 = Release|Any CPU
		{C7E1206C-FE17-4B62-934B-DE3ACE34B124}.Release|x86.ActiveCfg = Release|Any CPU
		{C7E1206C-FE17-4B62-934B-DE3ACE34B124}.Release|x86.Build.0 = Release|Any CPU
		{D05AE27A-9154-4189-9169-51F1492410FC}.Debug|Any CPU.ActiveCfg = Debug|Any CPU
		{D05AE27A-9154-4189-9169-51F1492410FC}.Debug|Any CPU.Build.0 = Debug|Any CPU
		{D05AE27A-9154-4189-9169-51F1492410FC}.Debug|x64.ActiveCfg = Debug|Any CPU
		{D05AE27A-9154-4189-9169-51F1492410FC}.Debug|x64.Build.0 = Debug|Any CPU
		{D05AE27A-9154-4189-9169-51F1492410FC}.Debug|x86.ActiveCfg = Debug|Any CPU
		{D05AE27A-9154-4189-9169-51F1492410FC}.Debug|x86.Build.0 = Debug|Any CPU
		{D05AE27A-9154-4189-9169-51F1492410FC}.Release|Any CPU.ActiveCfg = Release|Any CPU
		{D05AE27A-9154-4189-9169-51F1492410FC}.Release|Any CPU.Build.0 = Release|Any CPU
		{D05AE27A-9154-4189-9169-51F1492410FC}.Release|x64.ActiveCfg = Release|Any CPU
		{D05AE27A-9154-4189-9169-51F1492410FC}.Release|x64.Build.0 = Release|Any CPU
		{D05AE27A-9154-4189-9169-51F1492410FC}.Release|x86.ActiveCfg = Release|Any CPU
		{D05AE27A-9154-4189-9169-51F1492410FC}.Release|x86.Build.0 = Release|Any CPU
		{B0038BA9-22FC-4EC6-BC35-843FA34A835E}.Debug|Any CPU.ActiveCfg = Debug|Any CPU
		{B0038BA9-22FC-4EC6-BC35-843FA34A835E}.Debug|Any CPU.Build.0 = Debug|Any CPU
		{B0038BA9-22FC-4EC6-BC35-843FA34A835E}.Debug|x64.ActiveCfg = Debug|Any CPU
		{B0038BA9-22FC-4EC6-BC35-843FA34A835E}.Debug|x64.Build.0 = Debug|Any CPU
		{B0038BA9-22FC-4EC6-BC35-843FA34A835E}.Debug|x86.ActiveCfg = Debug|Any CPU
		{B0038BA9-22FC-4EC6-BC35-843FA34A835E}.Debug|x86.Build.0 = Debug|Any CPU
		{B0038BA9-22FC-4EC6-BC35-843FA34A835E}.Release|Any CPU.ActiveCfg = Release|Any CPU
		{B0038BA9-22FC-4EC6-BC35-843FA34A835E}.Release|Any CPU.Build.0 = Release|Any CPU
		{B0038BA9-22FC-4EC6-BC35-843FA34A835E}.Release|x64.ActiveCfg = Release|Any CPU
		{B0038BA9-22FC-4EC6-BC35-843FA34A835E}.Release|x64.Build.0 = Release|Any CPU
		{B0038BA9-22FC-4EC6-BC35-843FA34A835E}.Release|x86.ActiveCfg = Release|Any CPU
		{B0038BA9-22FC-4EC6-BC35-843FA34A835E}.Release|x86.Build.0 = Release|Any CPU
		{8DED304F-8B35-463E-9D14-54A06FEF5536}.Debug|Any CPU.ActiveCfg = Debug|Any CPU
		{8DED304F-8B35-463E-9D14-54A06FEF5536}.Debug|Any CPU.Build.0 = Debug|Any CPU
		{8DED304F-8B35-463E-9D14-54A06FEF5536}.Debug|x64.ActiveCfg = Debug|Any CPU
		{8DED304F-8B35-463E-9D14-54A06FEF5536}.Debug|x64.Build.0 = Debug|Any CPU
		{8DED304F-8B35-463E-9D14-54A06FEF5536}.Debug|x86.ActiveCfg = Debug|Any CPU
		{8DED304F-8B35-463E-9D14-54A06FEF5536}.Debug|x86.Build.0 = Debug|Any CPU
		{8DED304F-8B35-463E-9D14-54A06FEF5536}.Release|Any CPU.ActiveCfg = Release|Any CPU
		{8DED304F-8B35-463E-9D14-54A06FEF5536}.Release|Any CPU.Build.0 = Release|Any CPU
		{8DED304F-8B35-463E-9D14-54A06FEF5536}.Release|x64.ActiveCfg = Release|Any CPU
		{8DED304F-8B35-463E-9D14-54A06FEF5536}.Release|x64.Build.0 = Release|Any CPU
		{8DED304F-8B35-463E-9D14-54A06FEF5536}.Release|x86.ActiveCfg = Release|Any CPU
		{8DED304F-8B35-463E-9D14-54A06FEF5536}.Release|x86.Build.0 = Release|Any CPU
		{FB4A2F4D-A80F-4555-83FC-6A2C446984A5}.Debug|Any CPU.ActiveCfg = Debug|Any CPU
		{FB4A2F4D-A80F-4555-83FC-6A2C446984A5}.Debug|Any CPU.Build.0 = Debug|Any CPU
		{FB4A2F4D-A80F-4555-83FC-6A2C446984A5}.Debug|x64.ActiveCfg = Debug|Any CPU
		{FB4A2F4D-A80F-4555-83FC-6A2C446984A5}.Debug|x64.Build.0 = Debug|Any CPU
		{FB4A2F4D-A80F-4555-83FC-6A2C446984A5}.Debug|x86.ActiveCfg = Debug|Any CPU
		{FB4A2F4D-A80F-4555-83FC-6A2C446984A5}.Debug|x86.Build.0 = Debug|Any CPU
		{FB4A2F4D-A80F-4555-83FC-6A2C446984A5}.Release|Any CPU.ActiveCfg = Release|Any CPU
		{FB4A2F4D-A80F-4555-83FC-6A2C446984A5}.Release|Any CPU.Build.0 = Release|Any CPU
		{FB4A2F4D-A80F-4555-83FC-6A2C446984A5}.Release|x64.ActiveCfg = Release|Any CPU
		{FB4A2F4D-A80F-4555-83FC-6A2C446984A5}.Release|x64.Build.0 = Release|Any CPU
		{FB4A2F4D-A80F-4555-83FC-6A2C446984A5}.Release|x86.ActiveCfg = Release|Any CPU
		{FB4A2F4D-A80F-4555-83FC-6A2C446984A5}.Release|x86.Build.0 = Release|Any CPU
		{DADCDEC9-E13E-481F-A79E-B4DBE02A79FF}.Debug|Any CPU.ActiveCfg = Debug|Any CPU
		{DADCDEC9-E13E-481F-A79E-B4DBE02A79FF}.Debug|Any CPU.Build.0 = Debug|Any CPU
		{DADCDEC9-E13E-481F-A79E-B4DBE02A79FF}.Debug|x64.ActiveCfg = Debug|Any CPU
		{DADCDEC9-E13E-481F-A79E-B4DBE02A79FF}.Debug|x64.Build.0 = Debug|Any CPU
		{DADCDEC9-E13E-481F-A79E-B4DBE02A79FF}.Debug|x86.ActiveCfg = Debug|Any CPU
		{DADCDEC9-E13E-481F-A79E-B4DBE02A79FF}.Debug|x86.Build.0 = Debug|Any CPU
		{DADCDEC9-E13E-481F-A79E-B4DBE02A79FF}.Release|Any CPU.ActiveCfg = Release|Any CPU
		{DADCDEC9-E13E-481F-A79E-B4DBE02A79FF}.Release|Any CPU.Build.0 = Release|Any CPU
		{DADCDEC9-E13E-481F-A79E-B4DBE02A79FF}.Release|x64.ActiveCfg = Release|Any CPU
		{DADCDEC9-E13E-481F-A79E-B4DBE02A79FF}.Release|x64.Build.0 = Release|Any CPU
		{DADCDEC9-E13E-481F-A79E-B4DBE02A79FF}.Release|x86.ActiveCfg = Release|Any CPU
		{DADCDEC9-E13E-481F-A79E-B4DBE02A79FF}.Release|x86.Build.0 = Release|Any CPU
		{6AC184A4-9D02-4E9D-AB73-9AFEB6E67BC5}.Debug|Any CPU.ActiveCfg = Debug|Any CPU
		{6AC184A4-9D02-4E9D-AB73-9AFEB6E67BC5}.Debug|Any CPU.Build.0 = Debug|Any CPU
		{6AC184A4-9D02-4E9D-AB73-9AFEB6E67BC5}.Debug|x64.ActiveCfg = Debug|Any CPU
		{6AC184A4-9D02-4E9D-AB73-9AFEB6E67BC5}.Debug|x64.Build.0 = Debug|Any CPU
		{6AC184A4-9D02-4E9D-AB73-9AFEB6E67BC5}.Debug|x86.ActiveCfg = Debug|Any CPU
		{6AC184A4-9D02-4E9D-AB73-9AFEB6E67BC5}.Debug|x86.Build.0 = Debug|Any CPU
		{6AC184A4-9D02-4E9D-AB73-9AFEB6E67BC5}.Release|Any CPU.ActiveCfg = Release|Any CPU
		{6AC184A4-9D02-4E9D-AB73-9AFEB6E67BC5}.Release|Any CPU.Build.0 = Release|Any CPU
		{6AC184A4-9D02-4E9D-AB73-9AFEB6E67BC5}.Release|x64.ActiveCfg = Release|Any CPU
		{6AC184A4-9D02-4E9D-AB73-9AFEB6E67BC5}.Release|x64.Build.0 = Release|Any CPU
		{6AC184A4-9D02-4E9D-AB73-9AFEB6E67BC5}.Release|x86.ActiveCfg = Release|Any CPU
		{6AC184A4-9D02-4E9D-AB73-9AFEB6E67BC5}.Release|x86.Build.0 = Release|Any CPU
		{42AC6463-811D-4ECD-A9B9-697AC8CA28A8}.Debug|Any CPU.ActiveCfg = Debug|Any CPU
		{42AC6463-811D-4ECD-A9B9-697AC8CA28A8}.Debug|Any CPU.Build.0 = Debug|Any CPU
		{42AC6463-811D-4ECD-A9B9-697AC8CA28A8}.Debug|x64.ActiveCfg = Debug|Any CPU
		{42AC6463-811D-4ECD-A9B9-697AC8CA28A8}.Debug|x64.Build.0 = Debug|Any CPU
		{42AC6463-811D-4ECD-A9B9-697AC8CA28A8}.Debug|x86.ActiveCfg = Debug|Any CPU
		{42AC6463-811D-4ECD-A9B9-697AC8CA28A8}.Debug|x86.Build.0 = Debug|Any CPU
		{42AC6463-811D-4ECD-A9B9-697AC8CA28A8}.Release|Any CPU.ActiveCfg = Release|Any CPU
		{42AC6463-811D-4ECD-A9B9-697AC8CA28A8}.Release|Any CPU.Build.0 = Release|Any CPU
		{42AC6463-811D-4ECD-A9B9-697AC8CA28A8}.Release|x64.ActiveCfg = Release|Any CPU
		{42AC6463-811D-4ECD-A9B9-697AC8CA28A8}.Release|x64.Build.0 = Release|Any CPU
		{42AC6463-811D-4ECD-A9B9-697AC8CA28A8}.Release|x86.ActiveCfg = Release|Any CPU
		{42AC6463-811D-4ECD-A9B9-697AC8CA28A8}.Release|x86.Build.0 = Release|Any CPU
		{B40FDAE3-594B-4AC9-999E-90E96AE65D70}.Debug|Any CPU.ActiveCfg = Debug|Any CPU
		{B40FDAE3-594B-4AC9-999E-90E96AE65D70}.Debug|Any CPU.Build.0 = Debug|Any CPU
		{B40FDAE3-594B-4AC9-999E-90E96AE65D70}.Debug|x64.ActiveCfg = Debug|Any CPU
		{B40FDAE3-594B-4AC9-999E-90E96AE65D70}.Debug|x64.Build.0 = Debug|Any CPU
		{B40FDAE3-594B-4AC9-999E-90E96AE65D70}.Debug|x86.ActiveCfg = Debug|Any CPU
		{B40FDAE3-594B-4AC9-999E-90E96AE65D70}.Debug|x86.Build.0 = Debug|Any CPU
		{B40FDAE3-594B-4AC9-999E-90E96AE65D70}.Release|Any CPU.ActiveCfg = Release|Any CPU
		{B40FDAE3-594B-4AC9-999E-90E96AE65D70}.Release|Any CPU.Build.0 = Release|Any CPU
		{B40FDAE3-594B-4AC9-999E-90E96AE65D70}.Release|x64.ActiveCfg = Release|Any CPU
		{B40FDAE3-594B-4AC9-999E-90E96AE65D70}.Release|x64.Build.0 = Release|Any CPU
		{B40FDAE3-594B-4AC9-999E-90E96AE65D70}.Release|x86.ActiveCfg = Release|Any CPU
		{B40FDAE3-594B-4AC9-999E-90E96AE65D70}.Release|x86.Build.0 = Release|Any CPU
	EndGlobalSection
	GlobalSection(SolutionProperties) = preSolution
		HideSolutionNode = FALSE
	EndGlobalSection
EndGlobal
