
Microsoft Visual Studio Solution File, Format Version 12.00
# Visual Studio Version 17
VisualStudioVersion = 17.5.2.0
MinimumVisualStudioVersion = 10.0.40219.1
Project("{FAE04EC0-301F-11D3-BF4B-00C04F79EFBC}") = "21_1_task", "21_1_task\21_1_task.csproj", "{026C4E69-F670-C52B-C78A-C55F262978B2}"
EndProject
Project("{FAE04EC0-301F-11D3-BF4B-00C04F79EFBC}") = "21_2_task", "21_2_task\21_2_task.csproj", "{980F437A-ADC9-46CA-A02C-6DEBFB869ECE}"
EndProject
Global
	GlobalSection(SolutionConfigurationPlatforms) = preSolution
		Debug|Any CPU = Debug|Any CPU
		Debug|x64 = Debug|x64
		Debug|x86 = Debug|x86
		Release|Any CPU = Release|Any CPU
		Release|x64 = Release|x64
		Release|x86 = Release|x86
	EndGlobalSection
	GlobalSection(ProjectConfigurationPlatforms) = postSolution
		{026C4E69-F670-C52B-C78A-C55F262978B2}.Debug|Any CPU.ActiveCfg = Debug|Any CPU
		{026C4E69-F670-C52B-C78A-C55F262978B2}.Debug|Any CPU.Build.0 = Debug|Any CPU
		{026C4E69-F670-C52B-C78A-C55F262978B2}.Debug|x64.ActiveCfg = Debug|Any CPU
		{026C4E69-F670-C52B-C78A-C55F262978B2}.Debug|x64.Build.0 = Debug|Any CPU
		{026C4E69-F670-C52B-C78A-C55F262978B2}.Debug|x86.ActiveCfg = Debug|Any CPU
		{026C4E69-F670-C52B-C78A-C55F262978B2}.Debug|x86.Build.0 = Debug|Any CPU
		{026C4E69-F670-C52B-C78A-C55F262978B2}.Release|Any CPU.ActiveCfg = Release|Any CPU
		{026C4E69-F670-C52B-C78A-C55F262978B2}.Release|Any CPU.Build.0 = Release|Any CPU
		{026C4E69-F670-C52B-C78A-C55F262978B2}.Release|x64.ActiveCfg = Release|Any CPU
		{026C4E69-F670-C52B-C78A-C55F262978B2}.Release|x64.Build.0 = Release|Any CPU
		{026C4E69-F670-C52B-C78A-C55F262978B2}.Release|x86.ActiveCfg = Release|Any CPU
		{026C4E69-F670-C52B-C78A-C55F262978B2}.Release|x86.Build.0 = Release|Any CPU
		{980F437A-ADC9-46CA-A02C-6DEBFB869ECE}.Debug|Any CPU.ActiveCfg = Debug|Any CPU
		{980F437A-ADC9-46CA-A02C-6DEBFB869ECE}.Debug|Any CPU.Build.0 = Debug|Any CPU
		{980F437A-ADC9-46CA-A02C-6DEBFB869ECE}.Debug|x64.ActiveCfg = Debug|Any CPU
		{980F437A-ADC9-46CA-A02C-6DEBFB869ECE}.Debug|x64.Build.0 = Debug|Any CPU
		{980F437A-ADC9-46CA-A02C-6DEBFB869ECE}.Debug|x86.ActiveCfg = Debug|Any CPU
		{980F437A-ADC9-46CA-A02C-6DEBFB869ECE}.Debug|x86.Build.0 = Debug|Any CPU
		{980F437A-ADC9-46CA-A02C-6DEBFB869ECE}.Release|Any CPU.ActiveCfg = Release|Any CPU
		{980F437A-ADC9-46CA-A02C-6DEBFB869ECE}.Release|Any CPU.Build.0 = Release|Any CPU
		{980F437A-ADC9-46CA-A02C-6DEBFB869ECE}.Release|x64.ActiveCfg = Release|Any CPU
		{980F437A-ADC9-46CA-A02C-6DEBFB869ECE}.Release|x64.Build.0 = Release|Any CPU
		{980F437A-ADC9-46CA-A02C-6DEBFB869ECE}.Release|x86.ActiveCfg = Release|Any CPU
		{980F437A-ADC9-46CA-A02C-6DEBFB869ECE}.Release|x86.Build.0 = Release|Any CPU
	EndGlobalSection
	GlobalSection(SolutionProperties) = preSolution
		HideSolutionNode = FALSE
	EndGlobalSection
	GlobalSection(ExtensibilityGlobals) = postSolution
		SolutionGuid = {DF471597-BDEB-4C84-92A8-E2254DAE34AC}
	EndGlobalSection
EndGlobal
